github.com/google/go-cmp v0.7.0 h1:wk8382ETsv4JYUZwIsn6YpYiWiBsYLSJiTsyBybVuN8=
github.com/google/go-cmp v0.7.0/go.mod h1:pXiqmnSA92OHEEa9HXL2W4E7lf9JzCmGVUdgjX3N/iU=
github.com/ossf/osv-schema/bindings/go v0.0.0-20250401015358-964c89294a70 h1:uIRWzcJre+A+QgI7YWPsHraSD77LXVHUnsYZawjhqas=
github.com/ossf/osv-schema/bindings/go v0.0.0-20250401015358-964c89294a70/go.mod h1:lILztSxHU7VsdlYqCnwgxSDBhbXMf7iEQWtldJCDXPo=
golang.org/x/sync v0.13.0 h1:AauUjRAJ9OSnvULf/ARrrVywoJDy0YS2AwQ98I37610=
golang.org/x/sync v0.13.0/go.mod h1:1dzgHSNfp02xaA81J2MS99Qcpr2w7fw1gpm99rleRqA=
