{
    "_meta": {
        "hash": {
            "sha256": "d3ad6e471a18cc9d8e01a057e90fa5e7f2534e2e049f33d0e09e89a4f9d2e1cb"
        },
        "pipfile-spec": 6,
        "requires": {},
        "sources": [
            {
                "name": "pypi",
                "url": "https://pypi.python.org/simple",
                "verify_ssl": true
            }
        ]
    },
    "default": {
        "async-timeout": {
            "hashes": [
                "sha256:2163e1640ddb52b7a8c80d0a67a08587e5d245cc9c553a74a847056bc2976b15",
                "sha256:8ca1e4fcf50d07413d66d1a5e416e42cfdf5851c981d679a09851a6853383b3c"
            ],
            "markers": "python_version >= '3.6'",
            "version": "==4.0.2"
        },
        "cached-property": {
            "hashes": [
                "sha256:9fa5755838eecbb2d234c3aa390bd80fbd3ac6b6869109bfc1b499f7bd89a130",
                "sha256:df4f613cf7ad9a588cc381aaf4a512d26265ecebd5eb9e1ba12f1319eb85a6a0"
            ],
            "version": "==1.5.2"
        },
        "cachetools": {
            "hashes": [
                "sha256:89ea6f1b638d5a73a4f9226be57ac5e4f399d22770b92355f92dcb0f7f001693",
                "sha256:92971d3cb7d2a97efff7c7bb1657f21a8f5fb309a37530537c71b1774189f2d1"
            ],
            "markers": "python_version ~= '3.5'",
            "version": "==4.2.4"
        },
        "certifi": {
            "hashes": [
                "sha256:78884e7c1d4b00ce3cea67b44566851c4343c120abd683433ce934a68ea58872",
                "sha256:d62a0163eb4c2344ac042ab2bdf75399a71a2d8c7d47eac2e2ee91b9d6339569"
            ],
            "version": "==2021.10.8"
        },
        "cffi": {
            "hashes": [
                "sha256:00c878c90cb53ccfaae6b8bc18ad05d2036553e6d9d1d9dbcf323bbe83854ca3",
                "sha256:0104fb5ae2391d46a4cb082abdd5c69ea4eab79d8d44eaaf79f1b1fd806ee4c2",
                "sha256:06c48159c1abed75c2e721b1715c379fa3200c7784271b3c46df01383b593636",
                "sha256:0808014eb713677ec1292301ea4c81ad277b6cdf2fdd90fd540af98c0b101d20",
                "sha256:10dffb601ccfb65262a27233ac273d552ddc4d8ae1bf93b21c94b8511bffe728",
                "sha256:14cd121ea63ecdae71efa69c15c5543a4b5fbcd0bbe2aad864baca0063cecf27",
                "sha256:17771976e82e9f94976180f76468546834d22a7cc404b17c22df2a2c81db0c66",
                "sha256:181dee03b1170ff1969489acf1c26533710231c58f95534e3edac87fff06c443",
                "sha256:23cfe892bd5dd8941608f93348c0737e369e51c100d03718f108bf1add7bd6d0",
                "sha256:263cc3d821c4ab2213cbe8cd8b355a7f72a8324577dc865ef98487c1aeee2bc7",
                "sha256:2756c88cbb94231c7a147402476be2c4df2f6078099a6f4a480d239a8817ae39",
                "sha256:27c219baf94952ae9d50ec19651a687b826792055353d07648a5695413e0c605",
                "sha256:2a23af14f408d53d5e6cd4e3d9a24ff9e05906ad574822a10563efcef137979a",
                "sha256:31fb708d9d7c3f49a60f04cf5b119aeefe5644daba1cd2a0fe389b674fd1de37",
                "sha256:3415c89f9204ee60cd09b235810be700e993e343a408693e80ce7f6a40108029",
                "sha256:3773c4d81e6e818df2efbc7dd77325ca0dcb688116050fb2b3011218eda36139",
                "sha256:3b96a311ac60a3f6be21d2572e46ce67f09abcf4d09344c49274eb9e0bf345fc",
                "sha256:3f7d084648d77af029acb79a0ff49a0ad7e9d09057a9bf46596dac9514dc07df",
                "sha256:41d45de54cd277a7878919867c0f08b0cf817605e4eb94093e7516505d3c8d14",
                "sha256:4238e6dab5d6a8ba812de994bbb0a79bddbdf80994e4ce802b6f6f3142fcc880",
                "sha256:45db3a33139e9c8f7c09234b5784a5e33d31fd6907800b316decad50af323ff2",
                "sha256:45e8636704eacc432a206ac7345a5d3d2c62d95a507ec70d62f23cd91770482a",
                "sha256:4958391dbd6249d7ad855b9ca88fae690783a6be9e86df65865058ed81fc860e",
                "sha256:4a306fa632e8f0928956a41fa8e1d6243c71e7eb59ffbd165fc0b41e316b2474",
                "sha256:57e9ac9ccc3101fac9d6014fba037473e4358ef4e89f8e181f8951a2c0162024",
                "sha256:59888172256cac5629e60e72e86598027aca6bf01fa2465bdb676d37636573e8",
                "sha256:5e069f72d497312b24fcc02073d70cb989045d1c91cbd53979366077959933e0",
                "sha256:64d4ec9f448dfe041705426000cc13e34e6e5bb13736e9fd62e34a0b0c41566e",
                "sha256:6dc2737a3674b3e344847c8686cf29e500584ccad76204efea14f451d4cc669a",
                "sha256:74fdfdbfdc48d3f47148976f49fab3251e550a8720bebc99bf1483f5bfb5db3e",
                "sha256:75e4024375654472cc27e91cbe9eaa08567f7fbdf822638be2814ce059f58032",
                "sha256:786902fb9ba7433aae840e0ed609f45c7bcd4e225ebb9c753aa39725bb3e6ad6",
                "sha256:8b6c2ea03845c9f501ed1313e78de148cd3f6cad741a75d43a29b43da27f2e1e",
                "sha256:91d77d2a782be4274da750752bb1650a97bfd8f291022b379bb8e01c66b4e96b",
                "sha256:91ec59c33514b7c7559a6acda53bbfe1b283949c34fe7440bcf917f96ac0723e",
                "sha256:920f0d66a896c2d99f0adbb391f990a84091179542c205fa53ce5787aff87954",
                "sha256:a5263e363c27b653a90078143adb3d076c1a748ec9ecc78ea2fb916f9b861962",
                "sha256:abb9a20a72ac4e0fdb50dae135ba5e77880518e742077ced47eb1499e29a443c",
                "sha256:c2051981a968d7de9dd2d7b87bcb9c939c74a34626a6e2f8181455dd49ed69e4",
                "sha256:c21c9e3896c23007803a875460fb786118f0cdd4434359577ea25eb556e34c55",
                "sha256:c2502a1a03b6312837279c8c1bd3ebedf6c12c4228ddbad40912d671ccc8a962",
                "sha256:d4d692a89c5cf08a8557fdeb329b82e7bf609aadfaed6c0d79f5a449a3c7c023",
                "sha256:da5db4e883f1ce37f55c667e5c0de439df76ac4cb55964655906306918e7363c",
                "sha256:e7022a66d9b55e93e1a845d8c9eba2a1bebd4966cd8bfc25d9cd07d515b33fa6",
                "sha256:ef1f279350da2c586a69d32fc8733092fd32cc8ac95139a00377841f59a3f8d8",
                "sha256:f54a64f8b0c8ff0b64d18aa76675262e1700f3995182267998c31ae974fbc382",
                "sha256:f5c7150ad32ba43a07c4479f40241756145a1f03b43480e058cfd862bf5041c7",
                "sha256:f6f824dc3bce0edab5f427efcfb1d63ee75b6fcb7282900ccaf925be84efb0fc",
                "sha256:fd8a250edc26254fe5b33be00402e6d287f562b6a5b2152dec302fa15bb3e997",
                "sha256:ffaa5c925128e29efbde7301d8ecaf35c8c60ffbcd6a1ffd3a552177c8e5e796"
            ],
            "version": "==1.15.0"
        },
        "charset-normalizer": {
            "hashes": [
                "sha256:2857e29ff0d34db842cd7ca3230549d1a697f96ee6d3fb071cfa6c7393832597",
                "sha256:6881edbebdb17b39b4eaaa821b438bf6eddffb4468cf344f09f89def34a8b1df"
            ],
            "markers": "python_version >= '3'",
            "version": "==2.0.12"
        },
        "deprecated": {
            "hashes": [
                "sha256:43ac5335da90c31c24ba028af536a91d41d53f9e6901ddb021bcc572ce44e38d",
                "sha256:64756e3e14c8c5eea9795d93c524551432a0be75629f8f29e67ab8caf076c76d"
            ],
            "markers": "python_version >= '2.7' and python_version not in '3.0, 3.1, 3.2, 3.3'",
            "version": "==1.2.13"
        },
        "google-api-core": {
            "hashes": [
                "sha256:6815207a8b422e9da42c200681603f304b25f98c98b675a9db9fdc3717e44280",
                "sha256:85d2074f2c8f9c07e614d7f978767d71ceb7d40647814ef4236d3a0ef671ee75"
            ],
            "index": "pypi",
            "version": "==1.31.5"
        },
        "google-api-python-client": {
            "hashes": [
                "sha256:3c4c4ca46b5c21196bec7ee93453443e477d82cbfa79234d1ce0645f81170eaf",
                "sha256:f3b9684442eec2cfe9f9bb48e796ef919456b82142c7528c5fd527e5224f08bb"
            ],
            "index": "pypi",
            "version": "==1.12.8"
        },
        "google-auth": {
            "hashes": [
                "sha256:997516b42ecb5b63e8d80f5632c1a61dddf41d2a4c2748057837e06e00014258",
                "sha256:b7033be9028c188ee30200b204ea00ed82ea1162e8ac1df4aa6ded19a191d88e"
            ],
            "index": "pypi",
            "version": "==1.35.0"
        },
        "google-auth-httplib2": {
            "hashes": [
                "sha256:8d092cc60fb16517b12057ec0bba9185a96e3b7169d86ae12eae98e645b7bc39",
                "sha256:aeaff501738b289717fac1980db9711d77908a6c227f60e4aa1923410b43e2ee"
            ],
            "index": "pypi",
            "version": "==0.0.4"
        },
        "google-cloud-core": {
            "hashes": [
                "sha256:5b77935f3d9573e27007749a3b522f08d764c5b5930ff1527b2ab2743e9f0c15",
                "sha256:b1030aadcbb2aeb4ee51475426351af83c1072456b918fb8fdb80666c4bb63b5"
            ],
            "index": "pypi",
            "version": "==1.7.2"
        },
        "google-cloud-datastore": {
            "hashes": [
                "sha256:3da44b4c8230a83e69dd9429324cca9d3000ee8a8bb11f3b005c7837fcd844b3",
                "sha256:961b75b1d4b09eb044fc59825633efd8495471bf9bc015d989b8639be89ce439"
            ],
            "index": "pypi",
            "version": "==1.15.3"
        },
        "google-cloud-logging": {
            "hashes": [
                "sha256:1ac05b0cc14de093a7ee6b156e0f71be68b9ba4e2da4b4a587c9c02e35fbe889",
                "sha256:36990769b02e96cf91faa24d2e9cf9adb718d1a4ab14b7bd5b95a7ca147bb6a1"
            ],
            "index": "pypi",
            "version": "==2.1.0"
        },
        "google-cloud-ndb": {
            "hashes": [
                "sha256:a2812deee4cd12e99878de446e6a554aa34a8ffeb438254ce071e2513ec56986",
                "sha256:fac5548fb64d9fa0295147f98402a8622cebe62ab9f5fe13cd54518202d3404b"
            ],
            "index": "pypi",
            "version": "==1.11.1"
        },
        "google-cloud-pubsub": {
            "hashes": [
                "sha256:9bccec50a8c645d4d34424796a07a83b0201fd62385722f77948d45a86153c8f",
                "sha256:e1315a3caebd5a6a824ec9197b908cc724ebdfd29abbc8b7569fa2aa6733bf97"
            ],
            "index": "pypi",
            "version": "==2.6.0"
        },
        "googleapis-common-protos": {
            "hashes": [
                "sha256:4007500795bcfc269d279f0f7d253ae18d6dc1ff5d5a73613ffe452038b1ec5f",
                "sha256:60220c89b8bd5272159bed4929ecdc1243ae1f73437883a499a44a1cbc084086"
            ],
            "markers": "python_version >= '3.6'",
            "version": "==1.56.0"
        },
        "grpc-google-iam-v1": {
            "hashes": [
                "sha256:312801ae848aeb8408c099ea372b96d253077e7851aae1a9e745df984f81f20c",
                "sha256:3f0ac2c940b9a855d7ce7e31fde28bddb0d9ac362d32d07c67148306931a0e30"
            ],
            "markers": "python_version >= '3.6'",
            "version": "==0.12.4"
        },
        "grpcio": {
            "hashes": [
                "sha256:1419ab58c830f2da40884f4e1b4583038b12d6609fcac1a5700eff9ca9a75070",
                "sha256:170ade19379157d5c8e01c8176858a7ffbbf904b7896917c323134021afc1926",
                "sha256:19646d7d51643231fbd3414134ddbf5c4c226db861a800bc8c04ac870533b614",
                "sha256:1efd92661c4d4b106cd97025d52a480255b387ba75d3070cee6c4677e375f1c5",
                "sha256:206becfce3ad377f50c934b4d91f3fd5f101fe71db80ccce800d6bb898605448",
                "sha256:20fde26fbd40547c65817ca47b15f1f51d4bb0a70fd8a836fa08c9ad9b284b03",
                "sha256:25cf4ede6f9703913b4381969159452ff6ca5dfb93d5f58b80d1763e9ad79b18",
                "sha256:26ab8415e2e048e32cf05a86e7b6d76864bc018f837a93112c177130c2743766",
                "sha256:2a751c533679dbc0194daf91a6e665d6163f9b423fc6f2e506035ddc17118f9d",
                "sha256:2f59d6beb12bbccd3d1ecd23d78f0f1a63324cddc42c744c6d13abeef6039496",
                "sha256:47f0c0820d0b7f6e4930729b9067f346a07d4bbc632d109a2bcc7ca6f260c5f1",
                "sha256:4be2d7f283a7e2a15f9c5d70e1c9899e1824ea0650dbd82b7dc5e54d0c8061a5",
                "sha256:4befe75c0122fe51ae046a4936b735c306ea63849405cd8dc0be534affd60ea0",
                "sha256:518b3294dcdd734c4551a7c4cf3b457b9e0b949f4d855419600ceb7921de6f00",
                "sha256:63e827caff24f7d02c2d4d6fbca720001f7e5158a68abba37ea0c7eb447adfe5",
                "sha256:653d69bc4ac2e1f1bf36625aa42fbba8d399df609ded69a74b5820ca995e75dd",
                "sha256:65477bb9e884c9f46cde27c083d69c6588342f24ee5d56bbf731b9a4a14cc781",
                "sha256:666d40de9e323392f985921c4d112ebda8decd7a4532b9524f7e6f6fd5e4ca57",
                "sha256:668cc3e277f2bb88189bb4f0d7dfece326be789096660f94553600040630969c",
                "sha256:6ab4aeadc6c76447bcae91da1c69eeff9d0b78af7051fdcebe18a4cdf766f727",
                "sha256:70b6d401a758e85318a2be038eccf8ab965a14082b9f89152f19b8f9b7ac762e",
                "sha256:7c4fff11237fee6f07ac6937f2cff02a1f28d8bf2d675d1c57496423ddb8e01f",
                "sha256:7c6958a8a6a8df1caa536314bda3fb54f9ca5c936c14e3a486ff51d150c342c7",
                "sha256:7e4972b82ee1164eeee297e86a6351a2f358e1a9e5b65ae491a7a140d276cec4",
                "sha256:80aa6247a77cba60b56192df57cc5d78f0e2fe697fc6ebdf089ce93df894db3e",
                "sha256:828078cb73008c65794af94201c975610d16c9440b00e5efefc9e45dd23de73b",
                "sha256:884b0182d89bb934a5615f9d056df44e8681473cd124e6262382b5888353691b",
                "sha256:9ab12c5bfb13f294f6215a2580e446396eaac1b101e6cdb74d7bea3c6be3143e",
                "sha256:9e70290273b9d7e6d1cd8f8a7a621c4e9a91a3a35be3068610ee014124a35e75",
                "sha256:9e7ea7a8e7521664dd630fab35daab106a490b65e29254f90aeac66ec5cf1f68",
                "sha256:a4d4a17d8afcd6c9e4f06cf52b3f7ce0ca06f33510a47358848d30a1aebef10b",
                "sha256:a6d45e6fbe3f60fa3a8907f55e8d626a4aa452eb108edfa7f533c9161d973ef9",
                "sha256:afe8cbd4ed74f7d955c7732195d5f46c6af7b0867dfe642c8628332585fa40ee",
                "sha256:b3004fd04bfd3dba17f9d28b094bff76a32d7e85408f9f26f02594aa31fba040",
                "sha256:b45f4f0815e1df26ced52e6e7012055d023d1b2d943e5d3d168e211bdbb823ad",
                "sha256:bd58caa70b4228ebb31e1b5c9872053f9fde4412ef69a1be65b8a8eaae8cf072",
                "sha256:bdad8c088e088e5d34e9c10a5db8871157cc1a7e42f49ea4bd320fd8b57e7eb2",
                "sha256:c1111369863d04ea49378b73c1c2890bafa4c558c9cf799da52bf922483c8a3c",
                "sha256:c2fe454b7dd4c41a9cb8fbbb18474fd9a2f7935ac203b5f47a00216beec8aacd",
                "sha256:c8539a82debdd50c7fe3f0565b36b5efcd6a68f30ab635aced4175569d5f45e2",
                "sha256:c8c0eaede86ae97213548633eb07446dab75a48c771ad8bb3751bffbd9055ea9",
                "sha256:c95497d9bf93c8553b558646dd61cb4b15269c28fcee1a8843892edd50f3754f",
                "sha256:cbfc0c85a2eb34de711028fe9630b159a1c0df5580359368bff8429596c56c97",
                "sha256:d2b99b28b75b1929d92d947b74b7c74610131ac6acf803f2dedde7d245bc8b90",
                "sha256:d518477a73b467953ac8cff08022394b5250e8cfd7adfd167f76fd2d76969158",
                "sha256:d5ef9194f9bc216c8d0c18885bb7db247b0018a219ded543a6a6c2fe9454b220",
                "sha256:e30a1be3d1ec426f32d6fa22d9af9f5169a40d4b0955ce1fb111e869e0c0f44f",
                "sha256:eca51dd5d16b3a6b19c255cbcb236387d5cc9e058faeff024cd0c904d16f2495",
                "sha256:ed29cc8cb0394cb5ae9cf0a56e32228e9d98b8bb79a088393a18346510a06132",
                "sha256:edc0e052d349d7bac6719bddb5e779314b060eca1f53f99e0cc0be1aea66285a",
                "sha256:ef37ff444d248ff8ea5e175a7807ce19e324831bc00d466169191cd9aad0ee36",
                "sha256:fa4834022ca45fcde57fabcd12e5458fdb01372c4c8ab84030eabec24c6f39ca",
                "sha256:fbfac305c16cb5fcff894f3b80923863877584f1d3be66164aa218ed32841bcb",
                "sha256:fed35c01a01c6d050f8d67456dad83b5196bf4aff6d88fadd9b70936fb732826"
            ],
            "index": "pypi",
            "version": "==1.46.0"
        },
        "grpcio-tools": {
            "hashes": [
                "sha256:01a5939c325cb32e82837923ce8b14df8590c885fc23e28cae9dbfbe28acb69f",
                "sha256:0805a0c87a6452137ddb2afa696d25ab56557325a6c5251e09df3ec6f0340d07",
                "sha256:118af1f41cd8956df6a7f0ce5e62ffd85b4e9937e0f7401ebb1f8d865412d47e",
                "sha256:15bb0b800f73a9a62aff7584d45c36ebc105bf3ed8ba6056abac21402077e093",
                "sha256:1d4246aa03afbc61dd0ad60de581b12a1b40ab4d9f5817ca1afdadbefb9f0782",
                "sha256:22d6722813eaba5b0218ce37a7e71d099727063304544782932489ad7b83abde",
                "sha256:2639e15d8f85c82deb1217f4dfceeec18f68990198cb7e6d2842070ecf86eb06",
                "sha256:2a5e83e734556bd3f36f836f6c6d0ff3127914be96ebeda409d726f6fdc8a498",
                "sha256:2b420fb6aa533334b6e2b2773fa3a9d98b4c34b8307720c9dad87b9d8bc48412",
                "sha256:2f855558a71f512aa9882110aa2358d8c5b336e4718cf55848744c1d488b3c66",
                "sha256:378389f013b4dc5bcaf886b8f9d975daed8f9ec3af0a1e9933229b315e5c4c94",
                "sha256:37c37a80d0c59d44eb5c02a9336f4df13a10d2a34b3753bd9bc8f407430e4190",
                "sha256:3dddb5795a4c991b764cf1459d0616c0b3b431deac82a8133518f0b458ca98c6",
                "sha256:3fffcb165a742bff95a980b4093a9fed5d403f6375cdd5da73636696974d6e76",
                "sha256:475c46a36dfc1ced031896870d987207bba43b9452669e63374498847a4b6dbd",
                "sha256:4aded8e8230df28f779318c1c4569ffd1a3df0da10b2602d22fcd33186b7af19",
                "sha256:5267b8034d2c3ad372d551ac68dc314fc46008da8c8f19ec0aba5d9f614215f7",
                "sha256:562ac734e6f69f0dbae6d5983751c46bf525a935d5c90a59b159382c77baa6f4",
                "sha256:58a455e35c6068f2420a4909b3c332f4d00463cba096b9a3d6ec2383aab27dd1",
                "sha256:664f685e22b840b3f71cfaf9307fe8dc33aa80cf67ff7af856269432d0c76435",
                "sha256:67702f5beef87b54b46b0d513415f9f5817c379496703a7ad0889ff5df40aef0",
                "sha256:698028452697e65b8aacb422170747bfaf25e67ad579cb5c4ff6910c19dd125d",
                "sha256:6a952248a2f057f8556ed847583b5630d1b840b5a51bf4b2fbe56f374db6c77a",
                "sha256:6ba9877d7ed7c4a120dd4efd167680b2d2946631a00eda3d6173d378e90702d2",
                "sha256:73f92810901d22b6ac55b2a0e001edccfe576e0e5b67fe81389235fde2e72d1c",
                "sha256:75a9f3678a2665bd543fed0a7bf380c7850a31a15dc576d7f8424268d72fe3b7",
                "sha256:76531079c4b7bca54603e8c2ca16bae78ad05970c3e10f808e6b14625a3d4b16",
                "sha256:852f56847031e5de0f6957da172a2c74ad5a17d2b947720d5891b2d578c01c42",
                "sha256:8698c627740fdfb638f78d91ac316af351a254791ecbfba8385236b02a2c3c46",
                "sha256:915ade7fea3df556a8a207ccb2976f6c715a50dbdb94a83ce9ec089f20653916",
                "sha256:935fb6eb425558ac5354337946c5b2e09c68eaa34937f478cb8368d50b5c4479",
                "sha256:94d25eb9beae25b14a11e47100398efc1248738488a6dd4bbf854eb15d4935c5",
                "sha256:9a025d8a6e765ec3530c9b4bdfb5e7b05587497b279a935f7b778b9f903ab571",
                "sha256:9d5ae84ef0c1e4dac2fc515361dc8057fb8c8ebc07d0add4a11265107a3ee1be",
                "sha256:a146cd89ff63dd4caefcc9fdbcb5ac4bea0320e0d6329383ead6c3d777b34c93",
                "sha256:a439e2d677bd4fe15e2a371bdf40dfcae82014069c79db5f6d63bc61bd457cf5",
                "sha256:a8bf37e1f3d4f8bc5df130aa682a256a8c1747e2498a7a68a00980050d5221d6",
                "sha256:a91980b101ee4eaf6eb5fe07b7cb0e023e9c0cdc2880d67b6c507becddf42876",
                "sha256:b84435532676715c85100a54e6fc48bdeb04962de7f4ddb2c80cdc6fcb1ee781",
                "sha256:c36b1ddabd4d79d7abb3649031858dd30cf3d066b8a03454de38b676c91ae14b",
                "sha256:db5a6f0130256d534cbe35eab37d37a448d96f4fd736e5051c6be1aee49cea1d",
                "sha256:dc37a038bb8ce131a08a567421e4a9e8f7d638ba166edf7964fbabf05bc202b9",
                "sha256:e3d425a78d8de119ddebf4472bac30a86f7bdf3fa26b6f2cf63ba0beb1477f4a",
                "sha256:e7fafc9d3f59ade993225b80006f25e2df2e1643dde93bd3e6ee9b26f081eb8a",
                "sha256:edc3ab63b5f4db0e4b2dbfea1272de5a77dec06341407978df64367ec5090bf5",
                "sha256:fcf2820e5b5a18fb533e7e85eac852b659c2bbe817750042d4772bfc8bd5f942"
            ],
            "index": "pypi",
            "version": "==1.34.0"
        },
        "httplib2": {
            "hashes": [
                "sha256:58a98e45b4b1a48273073f905d2961666ecf0fbac4250ea5b47aef259eb5c585",
                "sha256:8b6a905cb1c79eefd03f8669fd993c36dc341f7c558f056cb5a33b5c2f458543"
            ],
            "markers": "python_version >= '2.7' and python_version not in '3.0, 3.1, 3.2, 3.3'",
            "version": "==0.20.4"
        },
        "idna": {
            "hashes": [
                "sha256:84d9dd047ffa80596e0f246e2eab0b391788b0503584e8945f2368256d2735ff",
                "sha256:9d643ff0a55b762d5cdb124b8eaa99c66322e2157b69160bc32796e824360e6d"
            ],
            "markers": "python_version >= '3'",
            "version": "==3.3"
        },
        "libcst": {
            "hashes": [
                "sha256:013e1b345e073f82eecd9ea64bc9b7ecda6a384a45c3625f8805543b1b3d6a0e",
                "sha256:01bf1af469447cd8feb3ee62298d820d3bb81b9945cbb10f0d3bc50aabfcfaf1",
                "sha256:07776c1721d5970653b6372be721071a36f5eeacab19bd92ea95dc500e59654e",
                "sha256:18ab489a39903d5e545a889ad3e685ca1239b553146cf16c5ce80902f7a13b02",
                "sha256:2f4e1e1e1975d758866438bc833dca9675946b56c8e11de0c2e2c3cffdf8723f",
                "sha256:3440375522de9c96d5a1fe5691821db6cb3f3a830825ec51cafae349bc5ad6e3",
                "sha256:40563b7e3c1aedef8bffb7e779b858ca850c61d022826542b110d1ebfc175b90",
                "sha256:4a0a5659190b4a3c52a76ae704e9b2cad8c9c1caad11bc9afc6dbad8c98340aa",
                "sha256:5b605f0d9115e9e31e69f4896caa7e410b0e6f8ca657ff1df8e78442c55b9f3a",
                "sha256:605b67578a0a9cb497986fbb06bd96dfa7b41416d08877a075b943a84de1e6d7",
                "sha256:689316be3e22d2ddd3e72bf97b0473503f13bdd3f94f64a0cee4b39ab3dd430c",
                "sha256:6dfdfcc4be59bb1a53bc6d658ffcd5ceabef470c7e6cca9a4338707476f9b1f7",
                "sha256:72880fed2c577139e591b333511c8989078fadabee0f12bdef9a4bbb9013a675",
                "sha256:80a9d21693789b08f0f146d0ae7add211910c477c07a0fd98859b9e96d1be591",
                "sha256:819767f6e433d28e8bf92532e65149474bbf32d48c4416ced6e116a56e9b0e31",
                "sha256:8c39f7193443f89bfcde87ab857976de737876ffebd88af00896d323462ee34c",
                "sha256:906a26ba4fbb8be13df650f660ecdec0cd54b2da9765bac150abd3b2e7dd4aa8",
                "sha256:9864339e4d158133dbd4da60912a1fe18a6459838ece43588c720dc289aee329",
                "sha256:a589befbb7f72bc625c4242182c9f05d9306703147973f61b01ab3d9ea73f06c",
                "sha256:bef3dfbd1fb0440e2be942dac76a3766dd69d494e96996f8298e3a6f6230791e",
                "sha256:c45608f7de03f36f819cddf2921bd00ab6faf115b1a9d6c1890cddf0c204e732",
                "sha256:e5aa2d2e0bfe03438aa8ad95f6e87a6be8f88350a2f775f1174945f06f1971b5",
                "sha256:f957e68ff7f8ebe1d8bf6b0287e7cedf95fd3c712ca663a4e2aa6489256874c2",
                "sha256:ffe178e40c5eb924ae3ee838f1fdde7c0fd5be8e8766f950711cc7d55aa7eefe"
            ],
            "markers": "python_version >= '3.7'",
            "version": "==0.4.2"
        },
        "mypy-extensions": {
            "hashes": [
                "sha256:090fedd75945a69ae91ce1303b5824f428daf5a028d2f6ab8a299250a846f15d",
                "sha256:2d82818f5bb3e369420cb3c4060a7970edba416647068eb4c5343488a6c604a8"
            ],
            "version": "==0.4.3"
        },
        "packageurl-python": {
            "hashes": [
                "sha256:07aa852d1c48b0e86e625f6a32d83f96427739806b269d0f8142788ee807114b",
                "sha256:872a0434b9a448b3fa97571711f69dd2a3fb72345ad66c90b17d827afea82f09"
            ],
            "index": "pypi",
            "version": "==0.9.9"
        },
        "packaging": {
            "hashes": [
                "sha256:5b327ac1320dc863dca72f4514ecc086f31186744b84a230374cc1fd776feae5",
                "sha256:67714da7f7bc052e064859c05c595155bd1ee9f69f76557e21f051443c20947a"
            ],
            "index": "pypi",
            "version": "==20.9"
        },
        "proto-plus": {
            "hashes": [
                "sha256:b06be21c3848fbc20387d1d6891a9b97dfa1cdd0f10d3d42ef70b5700ec0f423",
                "sha256:f28b225bc9e6c14e206fb7f8e996a46fb2ccd902648e512d496abb6a716a4ae5"
            ],
            "markers": "python_version >= '3.6'",
            "version": "==1.20.3"
        },
        "protobuf": {
            "hashes": [
                "sha256:06059eb6953ff01e56a25cd02cca1a9649a75a7e65397b5b9b4e929ed71d10cf",
                "sha256:097c5d8a9808302fb0da7e20edf0b8d4703274d140fd25c5edabddcde43e081f",
                "sha256:284f86a6207c897542d7e956eb243a36bb8f9564c1742b253462386e96c6b78f",
                "sha256:32ca378605b41fd180dfe4e14d3226386d8d1b002ab31c969c366549e66a2bb7",
                "sha256:3cc797c9d15d7689ed507b165cd05913acb992d78b379f6014e013f9ecb20996",
                "sha256:62f1b5c4cd6c5402b4e2d63804ba49a327e0c386c99b1675c8a0fefda23b2067",
                "sha256:69ccfdf3657ba59569c64295b7d51325f91af586f8d5793b734260dfe2e94e2c",
                "sha256:6f50601512a3d23625d8a85b1638d914a0970f17920ff39cec63aaef80a93fb7",
                "sha256:7403941f6d0992d40161aa8bb23e12575637008a5a02283a930addc0508982f9",
                "sha256:755f3aee41354ae395e104d62119cb223339a8f3276a0cd009ffabfcdd46bb0c",
                "sha256:77053d28427a29987ca9caf7b72ccafee011257561259faba8dd308fda9a8739",
                "sha256:7e371f10abe57cee5021797126c93479f59fccc9693dafd6bd5633ab67808a91",
                "sha256:9016d01c91e8e625141d24ec1b20fed584703e527d28512aa8c8707f105a683c",
                "sha256:9be73ad47579abc26c12024239d3540e6b765182a91dbc88e23658ab71767153",
                "sha256:adc31566d027f45efe3f44eeb5b1f329da43891634d61c75a5944e9be6dd42c9",
                "sha256:adfc6cf69c7f8c50fd24c793964eef18f0ac321315439d94945820612849c388",
                "sha256:af0ebadc74e281a517141daad9d0f2c5d93ab78e9d455113719a45a49da9db4e",
                "sha256:cb29edb9eab15742d791e1025dd7b6a8f6fcb53802ad2f6e3adcb102051063ab",
                "sha256:cd68be2559e2a3b84f517fb029ee611546f7812b1fdd0aa2ecc9bc6ec0e4fdde",
                "sha256:cdee09140e1cd184ba9324ec1df410e7147242b94b5f8b0c64fc89e38a8ba531",
                "sha256:db977c4ca738dd9ce508557d4fce0f5aebd105e158c725beec86feb1f6bc20d8",
                "sha256:dd5789b2948ca702c17027c84c2accb552fc30f4622a98ab5c51fcfe8c50d3e7",
                "sha256:e250a42f15bf9d5b09fe1b293bdba2801cd520a9f5ea2d7fb7536d4441811d20",
                "sha256:ff8d8fa42675249bb456f5db06c00de6c2f4c27a065955917b28c4f15978b9c3"
            ],
            "markers": "python_version >= '3.7'",
            "version": "==3.20.1"
        },
        "pyasn1": {
            "hashes": [
                "sha256:014c0e9976956a08139dc0712ae195324a75e142284d5f87f1a87ee1b068a359",
                "sha256:03840c999ba71680a131cfaee6fab142e1ed9bbd9c693e285cc6aca0d555e576",
                "sha256:0458773cfe65b153891ac249bcf1b5f8f320b7c2ce462151f8fa74de8934becf",
                "sha256:08c3c53b75eaa48d71cf8c710312316392ed40899cb34710d092e96745a358b7",
                "sha256:39c7e2ec30515947ff4e87fb6f456dfc6e84857d34be479c9d4a4ba4bf46aa5d",
                "sha256:5c9414dcfede6e441f7e8f81b43b34e834731003427e5b09e4e00e3172a10f00",
                "sha256:6e7545f1a61025a4e58bb336952c5061697da694db1cae97b116e9c46abcf7c8",
                "sha256:78fa6da68ed2727915c4767bb386ab32cdba863caa7dbe473eaae45f9959da86",
                "sha256:7ab8a544af125fb704feadb008c99a88805126fb525280b2270bb25cc1d78a12",
                "sha256:99fcc3c8d804d1bc6d9a099921e39d827026409a58f2a720dcdb89374ea0c776",
                "sha256:aef77c9fb94a3ac588e87841208bdec464471d9871bd5050a287cc9a475cd0ba",
                "sha256:e89bf84b5437b532b0803ba5c9a5e054d21fec423a89952a74f87fa2c9b7bce2",
                "sha256:fec3e9d8e36808a28efb59b489e4528c10ad0f480e57dcc32b4de5c9d8c9fdf3"
            ],
            "version": "==0.4.8"
        },
        "pyasn1-modules": {
            "hashes": [
                "sha256:0845a5582f6a02bb3e1bde9ecfc4bfcae6ec3210dd270522fee602365430c3f8",
                "sha256:0fe1b68d1e486a1ed5473f1302bd991c1611d319bba158e98b106ff86e1d7199",
                "sha256:15b7c67fabc7fc240d87fb9aabf999cf82311a6d6fb2c70d00d3d0604878c811",
                "sha256:426edb7a5e8879f1ec54a1864f16b882c2837bfd06eee62f2c982315ee2473ed",
                "sha256:65cebbaffc913f4fe9e4808735c95ea22d7a7775646ab690518c056784bc21b4",
                "sha256:905f84c712230b2c592c19470d3ca8d552de726050d1d1716282a1f6146be65e",
                "sha256:a50b808ffeb97cb3601dd25981f6b016cbb3d31fbf57a8b8a87428e6158d0c74",
                "sha256:a99324196732f53093a84c4369c996713eb8c89d360a496b599fb1a9c47fc3eb",
                "sha256:b80486a6c77252ea3a3e9b1e360bc9cf28eaac41263d173c032581ad2f20fe45",
                "sha256:c29a5e5cc7a3f05926aff34e097e84f8589cd790ce0ed41b67aed6857b26aafd",
                "sha256:cbac4bc38d117f2a49aeedec4407d23e8866ea4ac27ff2cf7fb3e5b570df19e0",
                "sha256:f39edd8c4ecaa4556e989147ebf219227e2cd2e8a43c7e7fcb1f1c18c5fd6a3d",
                "sha256:fe0644d9ab041506b62782e92b06b8c68cca799e1a9636ec398675459e031405"
            ],
            "version": "==0.2.8"
        },
        "pycparser": {
            "hashes": [
                "sha256:8ee45429555515e1f6b185e78100aea234072576aa43ab53aefcae078162fca9",
                "sha256:e644fdec12f7872f86c58ff790da456218b10f863970249516d60a5eaca77206"
            ],
            "version": "==2.21"
        },
        "pygit2": {
            "hashes": [
                "sha256:0d298098e286eeda000e49ca7e1b41f87300e10dd8b9d06b32b008bd61f50b83",
                "sha256:0ee135eb2cd8b07ce1374f3596cc5c3213472d6389bad6a4c5d87d8e267e93e9",
                "sha256:32eb863d6651d4890ced318505ea8dc229bd9637deaf29c898de1ab574d727a0",
                "sha256:37d6d7d6d7804c42a0fe23425c72e38093488525092fc5e51a05684e63503ce7",
                "sha256:41204b6f3406d9f53147710f3cc485d77181ba67f57c34d36b7c86de1c14a18c",
                "sha256:818c91b582109d90580c5da74af783738838353f15eb12eeb734d80a974b05a3",
                "sha256:8306a302487dac67df7af6a064bb37e8a8eb4138958f9560ff49ff162e185dab",
                "sha256:9c2f2d9ef59513007b66f6534b000792b614de3faf60313a0a68f6b8571aea85",
                "sha256:9c8d5881eb709e2e2e13000b507a131bd5fb91a879581030088d0ddffbcd19af",
                "sha256:b422e417739def0a136a6355723dfe8a5ffc83db5098076f28a14f1d139779c1",
                "sha256:cbeb38ab1df9b5d8896548a11e63aae8a064763ab5f1eabe4475e6b8a78ee1c8",
                "sha256:cf00481ddf053e549a6edd0216bdc267b292d261eae02a67bb3737de920cbf88",
                "sha256:d0d889144e9487d926fecea947c3f39ce5f477e521d7d467d2e66907e4cd657d",
                "sha256:ddb7a1f6d38063e8724abfa1cfdfb0f9b25014b8bca0546274b7a84b873a3888",
                "sha256:e9037a7d810750fe23c9f5641ef14a0af2525ff03e14752cd4f73e1870ecfcb0",
                "sha256:ec5c0365a9bdfcac1609d20868507b28685ec5ea7cc3a2c903c9b62ef2e0bbc0",
                "sha256:fdd8ba30cda277290e000322f505132f590cf89bd7d31829b45a3cb57447ec32"
            ],
            "index": "pypi",
            "version": "==1.4.0"
        },
        "pymemcache": {
            "hashes": [
                "sha256:3fca0215845d7b2ecd5f4c627fcf4ce2345a703a897b7e116380115b5a197be2",
                "sha256:8923ab59840f0d5338f1c52dba229fa835545b91c3c2f691c118e678d0fb974e"
            ],
            "version": "==3.5.2"
        },
        "pyparsing": {
            "hashes": [
                "sha256:7bf433498c016c4314268d95df76c81b842a4cb2b276fa3312cfb1e1d85f6954",
                "sha256:ef7b523f6356f763771559412c0d7134753f037822dad1b16945b7b846f7ad06"
            ],
            "markers": "python_full_version >= '3.6.8'",
            "version": "==3.0.8"
        },
        "pytz": {
            "hashes": [
                "sha256:1e760e2fe6a8163bc0b3d9a19c4f84342afa0a2affebfaa84b01b978a02ecaa7",
                "sha256:e68985985296d9a66a881eb3193b0906246245294a881e7c8afe623866ac6a5c"
            ],
            "version": "==2022.1"
        },
        "pyyaml": {
            "hashes": [
                "sha256:0283c35a6a9fbf047493e3a0ce8d79ef5030852c51e9d911a27badfde0605293",
                "sha256:055d937d65826939cb044fc8c9b08889e8c743fdc6a32b33e2390f66013e449b",
                "sha256:07751360502caac1c067a8132d150cf3d61339af5691fe9e87803040dbc5db57",
                "sha256:0b4624f379dab24d3725ffde76559cff63d9ec94e1736b556dacdfebe5ab6d4b",
                "sha256:0ce82d761c532fe4ec3f87fc45688bdd3a4c1dc5e0b4a19814b9009a29baefd4",
                "sha256:1e4747bc279b4f613a09eb64bba2ba602d8a6664c6ce6396a4d0cd413a50ce07",
                "sha256:213c60cd50106436cc818accf5baa1aba61c0189ff610f64f4a3e8c6726218ba",
                "sha256:231710d57adfd809ef5d34183b8ed1eeae3f76459c18fb4a0b373ad56bedcdd9",
                "sha256:277a0ef2981ca40581a47093e9e2d13b3f1fbbeffae064c1d21bfceba2030287",
                "sha256:2cd5df3de48857ed0544b34e2d40e9fac445930039f3cfe4bcc592a1f836d513",
                "sha256:40527857252b61eacd1d9af500c3337ba8deb8fc298940291486c465c8b46ec0",
                "sha256:473f9edb243cb1935ab5a084eb238d842fb8f404ed2193a915d1784b5a6b5fc0",
                "sha256:48c346915c114f5fdb3ead70312bd042a953a8ce5c7106d5bfb1a5254e47da92",
                "sha256:50602afada6d6cbfad699b0c7bb50d5ccffa7e46a3d738092afddc1f9758427f",
                "sha256:68fb519c14306fec9720a2a5b45bc9f0c8d1b9c72adf45c37baedfcd949c35a2",
                "sha256:77f396e6ef4c73fdc33a9157446466f1cff553d979bd00ecb64385760c6babdc",
                "sha256:819b3830a1543db06c4d4b865e70ded25be52a2e0631ccd2f6a47a2822f2fd7c",
                "sha256:897b80890765f037df3403d22bab41627ca8811ae55e9a722fd0392850ec4d86",
                "sha256:98c4d36e99714e55cfbaaee6dd5badbc9a1ec339ebfc3b1f52e293aee6bb71a4",
                "sha256:9df7ed3b3d2e0ecfe09e14741b857df43adb5a3ddadc919a2d94fbdf78fea53c",
                "sha256:9fa600030013c4de8165339db93d182b9431076eb98eb40ee068700c9c813e34",
                "sha256:a80a78046a72361de73f8f395f1f1e49f956c6be882eed58505a15f3e430962b",
                "sha256:b3d267842bf12586ba6c734f89d1f5b871df0273157918b0ccefa29deb05c21c",
                "sha256:b5b9eccad747aabaaffbc6064800670f0c297e52c12754eb1d976c57e4f74dcb",
                "sha256:c5687b8d43cf58545ade1fe3e055f70eac7a5a1a0bf42824308d868289a95737",
                "sha256:cba8c411ef271aa037d7357a2bc8f9ee8b58b9965831d9e51baf703280dc73d3",
                "sha256:d15a181d1ecd0d4270dc32edb46f7cb7733c7c508857278d3d378d14d606db2d",
                "sha256:d4db7c7aef085872ef65a8fd7d6d09a14ae91f691dec3e87ee5ee0539d516f53",
                "sha256:d4eccecf9adf6fbcc6861a38015c2a64f38b9d94838ac1810a9023a0609e1b78",
                "sha256:d67d839ede4ed1b28a4e8909735fc992a923cdb84e618544973d7dfc71540803",
                "sha256:daf496c58a8c52083df09b80c860005194014c3698698d1a57cbcfa182142a3a",
                "sha256:e61ceaab6f49fb8bdfaa0f92c4b57bcfbea54c09277b1b4f7ac376bfb7a7c174",
                "sha256:f84fbc98b019fef2ee9a1cb3ce93e3187a6df0b2538a651bfb890254ba9f90b5"
            ],
            "markers": "python_version >= '3.6'",
            "version": "==6.0"
        },
        "redis": {
            "hashes": [
                "sha256:84316970995a7adb907a56754d2b92d88fc2d252963dc5ac34c88f0f1a22c25d",
                "sha256:94b617b4cd296e94991146f66fc5559756fbefe9493604f0312e4d3298ac63e9"
            ],
            "markers": "python_version >= '3.6'",
            "version": "==4.3.1"
        },
        "requests": {
            "hashes": [
                "sha256:68d7c56fd5a8999887728ef304a6d12edc7be74f1cfa47714fc8b414525c9a61",
                "sha256:f22fa1e554c9ddfd16e6e41ac79759e17be9e492b3587efa038054674760e72d"
            ],
            "index": "pypi",
            "version": "==2.27.1"
        },
        "rsa": {
            "hashes": [
                "sha256:5c6bd9dc7a543b7fe4304a631f8a8a3b674e2bbfc49c2ae96200cdbe55df6b17",
                "sha256:95c5d300c4e879ee69708c428ba566c59478fd653cc3a22243eeb8ed846950bb"
            ],
            "markers": "python_version >= '3.6'",
            "version": "==4.8"
        },
        "semver": {
            "hashes": [
                "sha256:ced8b23dceb22134307c1b8abfa523da14198793d9787ac838e70e29e77458d4",
                "sha256:fa0fe2722ee1c3f57eac478820c3a5ae2f624af8264cbdf9000c980ff7f75e3f"
            ],
            "index": "pypi",
            "version": "==2.13.0"
        },
        "setuptools": {
            "hashes": [
                "sha256:26ead7d1f93efc0f8c804d9fafafbe4a44b179580a7105754b245155f9af05a8",
                "sha256:47c7b0c0f8fc10eec4cf1e71c6fdadf8decaa74ffa087e68cd1c20db7ad6a592"
            ],
            "markers": "python_version >= '3.7'",
            "version": "==62.1.0"
        },
        "six": {
            "hashes": [
                "sha256:1e61c37477a1626458e36f7b1d82aa5c9b094fa4802892072e49de9c60c4c926",
                "sha256:8abb2f1d86890a2dfb989f9a77cfcfd3e47c2a354b01111771326f8aa26e0254"
            ],
            "markers": "python_version >= '2.7' and python_version not in '3.0, 3.1, 3.2, 3.3'",
            "version": "==1.16.0"
        },
        "typing-extensions": {
            "hashes": [
                "sha256:6657594ee297170d19f67d55c05852a874e7eb634f4f753dbd667855e07c1708",
                "sha256:f1c24655a0da0d1b67f07e17a5e6b2a105894e6824b92096378bb3668ef02376"
            ],
            "markers": "python_version >= '3.7'",
            "version": "==4.2.0"
        },
        "typing-inspect": {
            "hashes": [
                "sha256:047d4097d9b17f46531bf6f014356111a1b6fb821a24fe7ac909853ca2a782aa",
                "sha256:3cd7d4563e997719a710a3bfe7ffb544c6b72069b6812a02e9b414a8fa3aaa6b",
                "sha256:b1f56c0783ef0f25fb064a01be6e5407e54cf4a4bf4f3ba3fe51e0bd6dcea9e5"
            ],
            "version": "==0.7.1"
        },
        "uritemplate": {
            "hashes": [
                "sha256:07620c3f3f8eed1f12600845892b0e036a2420acf513c53f7de0abd911a5894f",
                "sha256:5af8ad10cec94f215e3f48112de2022e1d5a37ed427fbd88652fa908f2ab7cae"
            ],
            "markers": "python_version >= '2.7' and python_version not in '3.0, 3.1, 3.2, 3.3'",
            "version": "==3.0.1"
        },
        "urllib3": {
            "hashes": [
                "sha256:44ece4d53fb1706f667c9bd1c648f5469a2ec925fcf3a776667042d645472c14",
                "sha256:aabaf16477806a5e1dd19aa41f8c2b7950dd3c746362d7e3223dbe6de6ac448e"
            ],
            "markers": "python_version >= '2.7' and python_version not in '3.0, 3.1, 3.2, 3.3, 3.4' and python_version < '4'",
            "version": "==1.26.9"
        },
        "wrapt": {
            "hashes": [
                "sha256:00b6d4ea20a906c0ca56d84f93065b398ab74b927a7a3dbd470f6fc503f95dc3",
                "sha256:01c205616a89d09827986bc4e859bcabd64f5a0662a7fe95e0d359424e0e071b",
                "sha256:02b41b633c6261feff8ddd8d11c711df6842aba629fdd3da10249a53211a72c4",
                "sha256:07f7a7d0f388028b2df1d916e94bbb40624c59b48ecc6cbc232546706fac74c2",
                "sha256:11871514607b15cfeb87c547a49bca19fde402f32e2b1c24a632506c0a756656",
                "sha256:1b376b3f4896e7930f1f772ac4b064ac12598d1c38d04907e696cc4d794b43d3",
                "sha256:21ac0156c4b089b330b7666db40feee30a5d52634cc4560e1905d6529a3897ff",
                "sha256:257fd78c513e0fb5cdbe058c27a0624c9884e735bbd131935fd49e9fe719d310",
                "sha256:2b39d38039a1fdad98c87279b48bc5dce2c0ca0d73483b12cb72aa9609278e8a",
                "sha256:2cf71233a0ed05ccdabe209c606fe0bac7379fdcf687f39b944420d2a09fdb57",
                "sha256:2fe803deacd09a233e4762a1adcea5db5d31e6be577a43352936179d14d90069",
                "sha256:3232822c7d98d23895ccc443bbdf57c7412c5a65996c30442ebe6ed3df335383",
                "sha256:34aa51c45f28ba7f12accd624225e2b1e5a3a45206aa191f6f9aac931d9d56fe",
                "sha256:36f582d0c6bc99d5f39cd3ac2a9062e57f3cf606ade29a0a0d6b323462f4dd87",
                "sha256:380a85cf89e0e69b7cfbe2ea9f765f004ff419f34194018a6827ac0e3edfed4d",
                "sha256:40e7bc81c9e2b2734ea4bc1aceb8a8f0ceaac7c5299bc5d69e37c44d9081d43b",
                "sha256:43ca3bbbe97af00f49efb06e352eae40434ca9d915906f77def219b88e85d907",
                "sha256:4fcc4649dc762cddacd193e6b55bc02edca674067f5f98166d7713b193932b7f",
                "sha256:5a0f54ce2c092aaf439813735584b9537cad479575a09892b8352fea5e988dc0",
                "sha256:5a9a0d155deafd9448baff28c08e150d9b24ff010e899311ddd63c45c2445e28",
                "sha256:5b02d65b9ccf0ef6c34cba6cf5bf2aab1bb2f49c6090bafeecc9cd81ad4ea1c1",
                "sha256:60db23fa423575eeb65ea430cee741acb7c26a1365d103f7b0f6ec412b893853",
                "sha256:642c2e7a804fcf18c222e1060df25fc210b9c58db7c91416fb055897fc27e8cc",
                "sha256:6a9a25751acb379b466ff6be78a315e2b439d4c94c1e99cb7266d40a537995d3",
                "sha256:6b1a564e6cb69922c7fe3a678b9f9a3c54e72b469875aa8018f18b4d1dd1adf3",
                "sha256:6d323e1554b3d22cfc03cd3243b5bb815a51f5249fdcbb86fda4bf62bab9e164",
                "sha256:6e743de5e9c3d1b7185870f480587b75b1cb604832e380d64f9504a0535912d1",
                "sha256:709fe01086a55cf79d20f741f39325018f4df051ef39fe921b1ebe780a66184c",
                "sha256:7b7c050ae976e286906dd3f26009e117eb000fb2cf3533398c5ad9ccc86867b1",
                "sha256:7d2872609603cb35ca513d7404a94d6d608fc13211563571117046c9d2bcc3d7",
                "sha256:7ef58fb89674095bfc57c4069e95d7a31cfdc0939e2a579882ac7d55aadfd2a1",
                "sha256:80bb5c256f1415f747011dc3604b59bc1f91c6e7150bd7db03b19170ee06b320",
                "sha256:81b19725065dcb43df02b37e03278c011a09e49757287dca60c5aecdd5a0b8ed",
                "sha256:833b58d5d0b7e5b9832869f039203389ac7cbf01765639c7309fd50ef619e0b1",
                "sha256:88bd7b6bd70a5b6803c1abf6bca012f7ed963e58c68d76ee20b9d751c74a3248",
                "sha256:8ad85f7f4e20964db4daadcab70b47ab05c7c1cf2a7c1e51087bfaa83831854c",
                "sha256:8c0ce1e99116d5ab21355d8ebe53d9460366704ea38ae4d9f6933188f327b456",
                "sha256:8d649d616e5c6a678b26d15ece345354f7c2286acd6db868e65fcc5ff7c24a77",
                "sha256:903500616422a40a98a5a3c4ff4ed9d0066f3b4c951fa286018ecdf0750194ef",
                "sha256:9736af4641846491aedb3c3f56b9bc5568d92b0692303b5a305301a95dfd38b1",
                "sha256:988635d122aaf2bdcef9e795435662bcd65b02f4f4c1ae37fbee7401c440b3a7",
                "sha256:9cca3c2cdadb362116235fdbd411735de4328c61425b0aa9f872fd76d02c4e86",
                "sha256:9e0fd32e0148dd5dea6af5fee42beb949098564cc23211a88d799e434255a1f4",
                "sha256:9f3e6f9e05148ff90002b884fbc2a86bd303ae847e472f44ecc06c2cd2fcdb2d",
                "sha256:a85d2b46be66a71bedde836d9e41859879cc54a2a04fad1191eb50c2066f6e9d",
                "sha256:a9a52172be0b5aae932bef82a79ec0a0ce87288c7d132946d645eba03f0ad8a8",
                "sha256:aa31fdcc33fef9eb2552cbcbfee7773d5a6792c137b359e82879c101e98584c5",
                "sha256:b014c23646a467558be7da3d6b9fa409b2c567d2110599b7cf9a0c5992b3b471",
                "sha256:b21bb4c09ffabfa0e85e3a6b623e19b80e7acd709b9f91452b8297ace2a8ab00",
                "sha256:b5901a312f4d14c59918c221323068fad0540e34324925c8475263841dbdfe68",
                "sha256:b9b7a708dd92306328117d8c4b62e2194d00c365f18eff11a9b53c6f923b01e3",
                "sha256:d1967f46ea8f2db647c786e78d8cc7e4313dbd1b0aca360592d8027b8508e24d",
                "sha256:d52a25136894c63de15a35bc0bdc5adb4b0e173b9c0d07a2be9d3ca64a332735",
                "sha256:d77c85fedff92cf788face9bfa3ebaa364448ebb1d765302e9af11bf449ca36d",
                "sha256:d79d7d5dc8a32b7093e81e97dad755127ff77bcc899e845f41bf71747af0c569",
                "sha256:dbcda74c67263139358f4d188ae5faae95c30929281bc6866d00573783c422b7",
                "sha256:ddaea91abf8b0d13443f6dac52e89051a5063c7d014710dcb4d4abb2ff811a59",
                "sha256:dee0ce50c6a2dd9056c20db781e9c1cfd33e77d2d569f5d1d9321c641bb903d5",
                "sha256:dee60e1de1898bde3b238f18340eec6148986da0455d8ba7848d50470a7a32fb",
                "sha256:e2f83e18fe2f4c9e7db597e988f72712c0c3676d337d8b101f6758107c42425b",
                "sha256:e3fb1677c720409d5f671e39bac6c9e0e422584e5f518bfd50aa4cbbea02433f",
                "sha256:ee2b1b1769f6707a8a445162ea16dddf74285c3964f605877a20e38545c3c462",
                "sha256:ee6acae74a2b91865910eef5e7de37dc6895ad96fa23603d1d27ea69df545015",
                "sha256:ef3f72c9666bba2bab70d2a8b79f2c6d2c1a42a7f7e2b0ec83bb2f9e383950af"
            ],
            "markers": "python_version >= '2.7' and python_version not in '3.0, 3.1, 3.2, 3.3, 3.4'",
            "version": "==1.14.1"
        }
    },
    "develop": {}
}
